{
  "name": "hydro",
  "version": "1.0.0",
  "lockfileVersion": 3,
  "requires": true,
  "packages": {
    "": {
      "name": "hydro",
      "version": "1.0.0",
      "license": "ISC"
    },
    "packages/create-hydro": {
      "name": "@hydro/create-hydro",
      "version": "0.0.1",
      "extraneous": true,
      "license": "ISC",
      "bin": {
        "create-hydro": "bin/create-hydro.sh"
      }
    }
  }
}
